{
    "name": "vscode-inline-bookmarks",
    "version": "0.0.26",
    "lockfileVersion": 2,
    "requires": true,
    "packages": {
        "": {
            "name": "vscode-inline-bookmarks",
            "version": "0.0.26",
            "engines": {
                "vscode": "^1.20.2"
            }
        }
    }
}
